// !$*UTF8*$!
{
	archiveVersion = 1;
	classes = {
	};
	objectVersion = 55;
	objects = {

/* Begin PBXBuildFile section */
		066195E028607FCF008DEC29 /* WalletFullTransaction.swift in Sources */ = {isa = PBXBuildFile; fileRef = 066195DF28607FCF008DEC29 /* WalletFullTransaction.swift */; };
		066195E32860905D008DEC29 /* SubWalletTabView.swift in Sources */ = {isa = PBXBuildFile; fileRef = 066195E22860905D008DEC29 /* SubWalletTabView.swift */; };
		066195E6286090CF008DEC29 /* SettingsTabView.swift in Sources */ = {isa = PBXBuildFile; fileRef = 066195E5286090CF008DEC29 /* SettingsTabView.swift */; };
		066195EA2860913A008DEC29 /* InboxTabView.swift in Sources */ = {isa = PBXBuildFile; fileRef = 066195E92860913A008DEC29 /* InboxTabView.swift */; };
		066195ED286091E9008DEC29 /* WalletViewModel.swift in Sources */ = {isa = PBXBuildFile; fileRef = 066195EC286091E9008DEC29 /* WalletViewModel.swift */; };
		066195F528609E9D008DEC29 /* TransactionView.swift in Sources */ = {isa = PBXBuildFile; fileRef = 066195F428609E9D008DEC29 /* TransactionView.swift */; };
		066195F72860A09C008DEC29 /* UIViewController+viewControllerHolder.swift in Sources */ = {isa = PBXBuildFile; fileRef = 066195F62860A09C008DEC29 /* UIViewController+viewControllerHolder.swift */; };
		066195F92860AC3E008DEC29 /* Date+dateFormat.swift in Sources */ = {isa = PBXBuildFile; fileRef = 066195F82860AC3E008DEC29 /* Date+dateFormat.swift */; };
		066195FC2860B73F008DEC29 /* WalletJSONCurrency.swift in Sources */ = {isa = PBXBuildFile; fileRef = 066195FB2860B73F008DEC29 /* WalletJSONCurrency.swift */; };
		066195FF2860C045008DEC29 /* WalletDevicePublicKey.swift in Sources */ = {isa = PBXBuildFile; fileRef = 066195FE2860C045008DEC29 /* WalletDevicePublicKey.swift */; };
		067217DD286004BF001534E6 /* WalletApp.swift in Sources */ = {isa = PBXBuildFile; fileRef = 067217DC286004BF001534E6 /* WalletApp.swift */; };
		067217E1286004C2001534E6 /* Assets.xcassets in Resources */ = {isa = PBXBuildFile; fileRef = 067217E0286004C2001534E6 /* Assets.xcassets */; };
		067217E4286004C2001534E6 /* Preview Assets.xcassets in Resources */ = {isa = PBXBuildFile; fileRef = 067217E3286004C2001534E6 /* Preview Assets.xcassets */; };
		067217EE286004C2001534E6 /* WalletTests.swift in Sources */ = {isa = PBXBuildFile; fileRef = 067217ED286004C2001534E6 /* WalletTests.swift */; };
		0672180F28600CF4001534E6 /* TabContentView.swift in Sources */ = {isa = PBXBuildFile; fileRef = 0672180E28600CF4001534E6 /* TabContentView.swift */; };
		06721816286017DA001534E6 /* WalletColor.swift in Sources */ = {isa = PBXBuildFile; fileRef = 06721815286017DA001534E6 /* WalletColor.swift */; };
		06721819286019B7001534E6 /* HomeTabView.swift in Sources */ = {isa = PBXBuildFile; fileRef = 06721818286019B7001534E6 /* HomeTabView.swift */; };
		0672181C286063C9001534E6 /* MockJSON.swift in Sources */ = {isa = PBXBuildFile; fileRef = 0672181B286063C9001534E6 /* MockJSON.swift */; };
		0672181F28606825001534E6 /* WalletJSONTransaction.swift in Sources */ = {isa = PBXBuildFile; fileRef = 0672181E28606825001534E6 /* WalletJSONTransaction.swift */; };
		06721822286068F4001534E6 /* SubWalletID.swift in Sources */ = {isa = PBXBuildFile; fileRef = 06721821286068F4001534E6 /* SubWalletID.swift */; };
		0672182528606975001534E6 /* WalletJSONAccount.swift in Sources */ = {isa = PBXBuildFile; fileRef = 0672182428606975001534E6 /* WalletJSONAccount.swift */; };
		0672182828606AAB001534E6 /* WalletJSONBalanceCurrency.swift in Sources */ = {isa = PBXBuildFile; fileRef = 0672182728606AAB001534E6 /* WalletJSONBalanceCurrency.swift */; };
		0672182B28606B62001534E6 /* WalletJSONDevicePublicKey.swift in Sources */ = {isa = PBXBuildFile; fileRef = 0672182A28606B62001534E6 /* WalletJSONDevicePublicKey.swift */; };
		0672182F28606CED001534E6 /* WalletData.swift in Sources */ = {isa = PBXBuildFile; fileRef = 0672182E28606CED001534E6 /* WalletData.swift */; };
/* End PBXBuildFile section */

/* Begin PBXContainerItemProxy section */
		067217EA286004C2001534E6 /* PBXContainerItemProxy */ = {
			isa = PBXContainerItemProxy;
			containerPortal = 067217D1286004BF001534E6 /* Project object */;
			proxyType = 1;
			remoteGlobalIDString = 067217D8286004BF001534E6;
			remoteInfo = Wallet;
		};
/* End PBXContainerItemProxy section */

/* Begin PBXFileReference section */
		066195DF28607FCF008DEC29 /* WalletFullTransaction.swift */ = {isa = PBXFileReference; lastKnownFileType = sourcecode.swift; path = WalletFullTransaction.swift; sourceTree = "<group>"; };
		066195E22860905D008DEC29 /* SubWalletTabView.swift */ = {isa = PBXFileReference; lastKnownFileType = sourcecode.swift; path = SubWalletTabView.swift; sourceTree = "<group>"; };
		066195E5286090CF008DEC29 /* SettingsTabView.swift */ = {isa = PBXFileReference; lastKnownFileType = sourcecode.swift; path = SettingsTabView.swift; sourceTree = "<group>"; };
		066195E92860913A008DEC29 /* InboxTabView.swift */ = {isa = PBXFileReference; lastKnownFileType = sourcecode.swift; path = InboxTabView.swift; sourceTree = "<group>"; };
		066195EC286091E9008DEC29 /* WalletViewModel.swift */ = {isa = PBXFileReference; lastKnownFileType = sourcecode.swift; path = WalletViewModel.swift; sourceTree = "<group>"; };
		066195F428609E9D008DEC29 /* TransactionView.swift */ = {isa = PBXFileReference; lastKnownFileType = sourcecode.swift; path = TransactionView.swift; sourceTree = "<group>"; };
		066195F62860A09C008DEC29 /* UIViewController+viewControllerHolder.swift */ = {isa = PBXFileReference; lastKnownFileType = sourcecode.swift; path = "UIViewController+viewControllerHolder.swift"; sourceTree = "<group>"; };
		066195F82860AC3E008DEC29 /* Date+dateFormat.swift */ = {isa = PBXFileReference; lastKnownFileType = sourcecode.swift; path = "Date+dateFormat.swift"; sourceTree = "<group>"; };
		066195FB2860B73F008DEC29 /* WalletJSONCurrency.swift */ = {isa = PBXFileReference; lastKnownFileType = sourcecode.swift; path = WalletJSONCurrency.swift; sourceTree = "<group>"; };
		066195FE2860C045008DEC29 /* WalletDevicePublicKey.swift */ = {isa = PBXFileReference; lastKnownFileType = sourcecode.swift; path = WalletDevicePublicKey.swift; sourceTree = "<group>"; };
		067217D9286004BF001534E6 /* Wallet.app */ = {isa = PBXFileReference; explicitFileType = wrapper.application; includeInIndex = 0; path = Wallet.app; sourceTree = BUILT_PRODUCTS_DIR; };
		067217DC286004BF001534E6 /* WalletApp.swift */ = {isa = PBXFileReference; lastKnownFileType = sourcecode.swift; path = WalletApp.swift; sourceTree = "<group>"; };
		067217E0286004C2001534E6 /* Assets.xcassets */ = {isa = PBXFileReference; lastKnownFileType = folder.assetcatalog; path = Assets.xcassets; sourceTree = "<group>"; };
		067217E3286004C2001534E6 /* Preview Assets.xcassets */ = {isa = PBXFileReference; lastKnownFileType = folder.assetcatalog; path = "Preview Assets.xcassets"; sourceTree = "<group>"; };
		067217E9286004C2001534E6 /* WalletTests.xctest */ = {isa = PBXFileReference; explicitFileType = wrapper.cfbundle; includeInIndex = 0; path = WalletTests.xctest; sourceTree = BUILT_PRODUCTS_DIR; };
		067217ED286004C2001534E6 /* WalletTests.swift */ = {isa = PBXFileReference; lastKnownFileType = sourcecode.swift; path = WalletTests.swift; sourceTree = "<group>"; };
		0672180E28600CF4001534E6 /* TabContentView.swift */ = {isa = PBXFileReference; lastKnownFileType = sourcecode.swift; path = TabContentView.swift; sourceTree = "<group>"; };
		06721815286017DA001534E6 /* WalletColor.swift */ = {isa = PBXFileReference; lastKnownFileType = sourcecode.swift; path = WalletColor.swift; sourceTree = "<group>"; };
		06721818286019B7001534E6 /* HomeTabView.swift */ = {isa = PBXFileReference; lastKnownFileType = sourcecode.swift; path = HomeTabView.swift; sourceTree = "<group>"; };
		0672181B286063C9001534E6 /* MockJSON.swift */ = {isa = PBXFileReference; lastKnownFileType = sourcecode.swift; path = MockJSON.swift; sourceTree = "<group>"; };
		0672181E28606825001534E6 /* WalletJSONTransaction.swift */ = {isa = PBXFileReference; lastKnownFileType = sourcecode.swift; path = WalletJSONTransaction.swift; sourceTree = "<group>"; };
		06721821286068F4001534E6 /* SubWalletID.swift */ = {isa = PBXFileReference; lastKnownFileType = sourcecode.swift; path = SubWalletID.swift; sourceTree = "<group>"; };
		0672182428606975001534E6 /* WalletJSONAccount.swift */ = {isa = PBXFileReference; lastKnownFileType = sourcecode.swift; path = WalletJSONAccount.swift; sourceTree = "<group>"; };
		0672182728606AAB001534E6 /* WalletJSONBalanceCurrency.swift */ = {isa = PBXFileReference; lastKnownFileType = sourcecode.swift; path = WalletJSONBalanceCurrency.swift; sourceTree = "<group>"; };
		0672182A28606B62001534E6 /* WalletJSONDevicePublicKey.swift */ = {isa = PBXFileReference; lastKnownFileType = sourcecode.swift; path = WalletJSONDevicePublicKey.swift; sourceTree = "<group>"; };
		0672182E28606CED001534E6 /* WalletData.swift */ = {isa = PBXFileReference; lastKnownFileType = sourcecode.swift; path = WalletData.swift; sourceTree = "<group>"; };
/* End PBXFileReference section */

/* Begin PBXFrameworksBuildPhase section */
		067217D6286004BF001534E6 /* Frameworks */ = {
			isa = PBXFrameworksBuildPhase;
			buildActionMask = 2147483647;
			files = (
			);
			runOnlyForDeploymentPostprocessing = 0;
		};
		067217E6286004C2001534E6 /* Frameworks */ = {
			isa = PBXFrameworksBuildPhase;
			buildActionMask = 2147483647;
			files = (
			);
			runOnlyForDeploymentPostprocessing = 0;
		};
/* End PBXFrameworksBuildPhase section */

/* Begin PBXGroup section */
		066195DE28607FC0008DEC29 /* WalletFullTransaction */ = {
			isa = PBXGroup;
			children = (
				066195DF28607FCF008DEC29 /* WalletFullTransaction.swift */,
			);
			path = WalletFullTransaction;
			sourceTree = "<group>";
		};
		066195E128609048008DEC29 /* SubWalletTabView */ = {
			isa = PBXGroup;
			children = (
				066195E22860905D008DEC29 /* SubWalletTabView.swift */,
			);
			path = SubWalletTabView;
			sourceTree = "<group>";
		};
		066195E4286090C0008DEC29 /* SettingsTabView */ = {
			isa = PBXGroup;
			children = (
				066195E5286090CF008DEC29 /* SettingsTabView.swift */,
			);
			path = SettingsTabView;
			sourceTree = "<group>";
		};
		066195E728609109008DEC29 /* InboxTabView */ = {
			isa = PBXGroup;
			children = (
				066195E92860913A008DEC29 /* InboxTabView.swift */,
			);
			path = InboxTabView;
			sourceTree = "<group>";
		};
		066195E828609111008DEC29 /* TabViews */ = {
			isa = PBXGroup;
			children = (
				06721817286019AA001534E6 /* HomeTabView */,
				066195E128609048008DEC29 /* SubWalletTabView */,
				066195E728609109008DEC29 /* InboxTabView */,
				066195E4286090C0008DEC29 /* SettingsTabView */,
			);
			path = TabViews;
			sourceTree = "<group>";
		};
		066195EB286091D5008DEC29 /* WalletViewModel */ = {
			isa = PBXGroup;
			children = (
				066195EC286091E9008DEC29 /* WalletViewModel.swift */,
			);
			path = WalletViewModel;
			sourceTree = "<group>";
		};
		066195F328609E90008DEC29 /* TransactionView */ = {
			isa = PBXGroup;
			children = (
				066195F428609E9D008DEC29 /* TransactionView.swift */,
			);
			path = TransactionView;
			sourceTree = "<group>";
		};
		066195FA2860B733008DEC29 /* WalletJSONCurrency */ = {
			isa = PBXGroup;
			children = (
				066195FB2860B73F008DEC29 /* WalletJSONCurrency.swift */,
			);
			path = WalletJSONCurrency;
			sourceTree = "<group>";
		};
		066195FD2860C039008DEC29 /* WalletDevicePublicKey */ = {
			isa = PBXGroup;
			children = (
				066195FE2860C045008DEC29 /* WalletDevicePublicKey.swift */,
			);
			path = WalletDevicePublicKey;
			sourceTree = "<group>";
		};
		067217D0286004BF001534E6 = {
			isa = PBXGroup;
			children = (
				067217DB286004BF001534E6 /* Wallet */,
				067217EC286004C2001534E6 /* WalletTests */,
				067217DA286004BF001534E6 /* Products */,
			);
			sourceTree = "<group>";
		};
		067217DA286004BF001534E6 /* Products */ = {
			isa = PBXGroup;
			children = (
				067217D9286004BF001534E6 /* Wallet.app */,
				067217E9286004C2001534E6 /* WalletTests.xctest */,
			);
			name = Products;
			sourceTree = "<group>";
		};
		067217DB286004BF001534E6 /* Wallet */ = {
			isa = PBXGroup;
			children = (
				06721809286005DD001534E6 /* Extensions & Extras */,
				06721806286005CC001534E6 /* Model */,
				06721807286005D1001534E6 /* View */,
				06721808286005D7001534E6 /* ViewModel */,
				067217DC286004BF001534E6 /* WalletApp.swift */,
				067217E0286004C2001534E6 /* Assets.xcassets */,
				067217E2286004C2001534E6 /* Preview Content */,
			);
			path = Wallet;
			sourceTree = "<group>";
		};
		067217E2286004C2001534E6 /* Preview Content */ = {
			isa = PBXGroup;
			children = (
				067217E3286004C2001534E6 /* Preview Assets.xcassets */,
			);
			path = "Preview Content";
			sourceTree = "<group>";
		};
		067217EC286004C2001534E6 /* WalletTests */ = {
			isa = PBXGroup;
			children = (
				067217ED286004C2001534E6 /* WalletTests.swift */,
			);
			path = WalletTests;
			sourceTree = "<group>";
		};
		06721806286005CC001534E6 /* Model */ = {
			isa = PBXGroup;
			children = (
				0672182C28606BE7001534E6 /* WalletJSON */,
				06721814286017C5001534E6 /* WalletColor */,
			);
			path = Model;
			sourceTree = "<group>";
		};
		06721807286005D1001534E6 /* View */ = {
			isa = PBXGroup;
			children = (
				066195F328609E90008DEC29 /* TransactionView */,
				066195E828609111008DEC29 /* TabViews */,
				0672180D28600CE2001534E6 /* TabContentView */,
			);
			path = View;
			sourceTree = "<group>";
		};
		06721808286005D7001534E6 /* ViewModel */ = {
			isa = PBXGroup;
			children = (
				066195EB286091D5008DEC29 /* WalletViewModel */,
			);
			path = ViewModel;
			sourceTree = "<group>";
		};
		06721809286005DD001534E6 /* Extensions & Extras */ = {
			isa = PBXGroup;
			children = (
				066195F62860A09C008DEC29 /* UIViewController+viewControllerHolder.swift */,
				066195F82860AC3E008DEC29 /* Date+dateFormat.swift */,
			);
			path = "Extensions & Extras";
			sourceTree = "<group>";
		};
		0672180D28600CE2001534E6 /* TabContentView */ = {
			isa = PBXGroup;
			children = (
				0672180E28600CF4001534E6 /* TabContentView.swift */,
			);
			path = TabContentView;
			sourceTree = "<group>";
		};
		06721814286017C5001534E6 /* WalletColor */ = {
			isa = PBXGroup;
			children = (
				06721815286017DA001534E6 /* WalletColor.swift */,
			);
			path = WalletColor;
			sourceTree = "<group>";
		};
		06721817286019AA001534E6 /* HomeTabView */ = {
			isa = PBXGroup;
			children = (
				06721818286019B7001534E6 /* HomeTabView.swift */,
			);
			path = HomeTabView;
			sourceTree = "<group>";
		};
		0672181A286063B8001534E6 /* MockJSON */ = {
			isa = PBXGroup;
			children = (
				0672181B286063C9001534E6 /* MockJSON.swift */,
			);
			path = MockJSON;
			sourceTree = "<group>";
		};
		0672181D286067FE001534E6 /* WalletJSONTransaction */ = {
			isa = PBXGroup;
			children = (
				0672181E28606825001534E6 /* WalletJSONTransaction.swift */,
			);
			path = WalletJSONTransaction;
			sourceTree = "<group>";
		};
		067218202860689F001534E6 /* SubWalletID */ = {
			isa = PBXGroup;
			children = (
				06721821286068F4001534E6 /* SubWalletID.swift */,
			);
			path = SubWalletID;
			sourceTree = "<group>";
		};
		0672182328606957001534E6 /* WalletJSONAccount */ = {
			isa = PBXGroup;
			children = (
				0672182428606975001534E6 /* WalletJSONAccount.swift */,
			);
			path = WalletJSONAccount;
			sourceTree = "<group>";
		};
		0672182628606A8D001534E6 /* WalletJSONBalanceCurrency */ = {
			isa = PBXGroup;
			children = (
				0672182728606AAB001534E6 /* WalletJSONBalanceCurrency.swift */,
			);
			path = WalletJSONBalanceCurrency;
			sourceTree = "<group>";
		};
		0672182928606B41001534E6 /* WalletJSONDevicePublicKey */ = {
			isa = PBXGroup;
			children = (
				0672182A28606B62001534E6 /* WalletJSONDevicePublicKey.swift */,
			);
			path = WalletJSONDevicePublicKey;
			sourceTree = "<group>";
		};
		0672182C28606BE7001534E6 /* WalletJSON */ = {
			isa = PBXGroup;
			children = (
				066195FD2860C039008DEC29 /* WalletDevicePublicKey */,
				066195DE28607FC0008DEC29 /* WalletFullTransaction */,
				0672182D28606CD9001534E6 /* WalletData */,
				066195FA2860B733008DEC29 /* WalletJSONCurrency */,
				0672182928606B41001534E6 /* WalletJSONDevicePublicKey */,
				0672182628606A8D001534E6 /* WalletJSONBalanceCurrency */,
				0672182328606957001534E6 /* WalletJSONAccount */,
				067218202860689F001534E6 /* SubWalletID */,
				0672181D286067FE001534E6 /* WalletJSONTransaction */,
				0672181A286063B8001534E6 /* MockJSON */,
			);
			path = WalletJSON;
			sourceTree = "<group>";
		};
		0672182D28606CD9001534E6 /* WalletData */ = {
			isa = PBXGroup;
			children = (
				0672182E28606CED001534E6 /* WalletData.swift */,
			);
			path = WalletData;
			sourceTree = "<group>";
		};
/* End PBXGroup section */

/* Begin PBXNativeTarget section */
		067217D8286004BF001534E6 /* Wallet */ = {
			isa = PBXNativeTarget;
			buildConfigurationList = 067217FD286004C2001534E6 /* Build configuration list for PBXNativeTarget "Wallet" */;
			buildPhases = (
				067217D5286004BF001534E6 /* Sources */,
				067217D6286004BF001534E6 /* Frameworks */,
				067217D7286004BF001534E6 /* Resources */,
			);
			buildRules = (
			);
			dependencies = (
			);
			name = Wallet;
			productName = Wallet;
			productReference = 067217D9286004BF001534E6 /* Wallet.app */;
			productType = "com.apple.product-type.application";
		};
		067217E8286004C2001534E6 /* WalletTests */ = {
			isa = PBXNativeTarget;
			buildConfigurationList = 06721800286004C2001534E6 /* Build configuration list for PBXNativeTarget "WalletTests" */;
			buildPhases = (
				067217E5286004C2001534E6 /* Sources */,
				067217E6286004C2001534E6 /* Frameworks */,
				067217E7286004C2001534E6 /* Resources */,
			);
			buildRules = (
			);
			dependencies = (
				067217EB286004C2001534E6 /* PBXTargetDependency */,
			);
			name = WalletTests;
			productName = WalletTests;
			productReference = 067217E9286004C2001534E6 /* WalletTests.xctest */;
			productType = "com.apple.product-type.bundle.unit-test";
		};
/* End PBXNativeTarget section */

/* Begin PBXProject section */
		067217D1286004BF001534E6 /* Project object */ = {
			isa = PBXProject;
			attributes = {
				BuildIndependentTargetsInParallel = 1;
				LastSwiftUpdateCheck = 1340;
				LastUpgradeCheck = 1340;
				TargetAttributes = {
					067217D8286004BF001534E6 = {
						CreatedOnToolsVersion = 13.4.1;
					};
					067217E8286004C2001534E6 = {
						CreatedOnToolsVersion = 13.4.1;
						TestTargetID = 067217D8286004BF001534E6;
					};
				};
			};
			buildConfigurationList = 067217D4286004BF001534E6 /* Build configuration list for PBXProject "Wallet" */;
			compatibilityVersion = "Xcode 13.0";
			developmentRegion = en;
			hasScannedForEncodings = 0;
			knownRegions = (
				en,
				Base,
			);
			mainGroup = 067217D0286004BF001534E6;
			productRefGroup = 067217DA286004BF001534E6 /* Products */;
			projectDirPath = "";
			projectRoot = "";
			targets = (
				067217D8286004BF001534E6 /* Wallet */,
				067217E8286004C2001534E6 /* WalletTests */,
			);
		};
/* End PBXProject section */

/* Begin PBXResourcesBuildPhase section */
		067217D7286004BF001534E6 /* Resources */ = {
			isa = PBXResourcesBuildPhase;
			buildActionMask = 2147483647;
			files = (
				067217E4286004C2001534E6 /* Preview Assets.xcassets in Resources */,
				067217E1286004C2001534E6 /* Assets.xcassets in Resources */,
			);
			runOnlyForDeploymentPostprocessing = 0;
		};
		067217E7286004C2001534E6 /* Resources */ = {
			isa = PBXResourcesBuildPhase;
			buildActionMask = 2147483647;
			files = (
			);
			runOnlyForDeploymentPostprocessing = 0;
		};
/* End PBXResourcesBuildPhase section */

/* Begin PBXSourcesBuildPhase section */
		067217D5286004BF001534E6 /* Sources */ = {
			isa = PBXSourcesBuildPhase;
			buildActionMask = 2147483647;
			files = (
				0672182828606AAB001534E6 /* WalletJSONBalanceCurrency.swift in Sources */,
				066195FC2860B73F008DEC29 /* WalletJSONCurrency.swift in Sources */,
				066195F72860A09C008DEC29 /* UIViewController+viewControllerHolder.swift in Sources */,
				0672181F28606825001534E6 /* WalletJSONTransaction.swift in Sources */,
				066195E028607FCF008DEC29 /* WalletFullTransaction.swift in Sources */,
				0672182F28606CED001534E6 /* WalletData.swift in Sources */,
				06721816286017DA001534E6 /* WalletColor.swift in Sources */,
				0672182B28606B62001534E6 /* WalletJSONDevicePublicKey.swift in Sources */,
				066195F92860AC3E008DEC29 /* Date+dateFormat.swift in Sources */,
				06721819286019B7001534E6 /* HomeTabView.swift in Sources */,
				066195E6286090CF008DEC29 /* SettingsTabView.swift in Sources */,
				066195ED286091E9008DEC29 /* WalletViewModel.swift in Sources */,
				066195FF2860C045008DEC29 /* WalletDevicePublicKey.swift in Sources */,
				066195E32860905D008DEC29 /* SubWalletTabView.swift in Sources */,
				0672182528606975001534E6 /* WalletJSONAccount.swift in Sources */,
				06721822286068F4001534E6 /* SubWalletID.swift in Sources */,
				0672181C286063C9001534E6 /* MockJSON.swift in Sources */,
				0672180F28600CF4001534E6 /* TabContentView.swift in Sources */,
				067217DD286004BF001534E6 /* WalletApp.swift in Sources */,
				066195EA2860913A008DEC29 /* InboxTabView.swift in Sources */,
				066195F528609E9D008DEC29 /* TransactionView.swift in Sources */,
			);
			runOnlyForDeploymentPostprocessing = 0;
		};
		067217E5286004C2001534E6 /* Sources */ = {
			isa = PBXSourcesBuildPhase;
			buildActionMask = 2147483647;
			files = (
				067217EE286004C2001534E6 /* WalletTests.swift in Sources */,
			);
			runOnlyForDeploymentPostprocessing = 0;
		};
/* End PBXSourcesBuildPhase section */

/* Begin PBXTargetDependency section */
		067217EB286004C2001534E6 /* PBXTargetDependency */ = {
			isa = PBXTargetDependency;
			target = 067217D8286004BF001534E6 /* Wallet */;
			targetProxy = 067217EA286004C2001534E6 /* PBXContainerItemProxy */;
		};
/* End PBXTargetDependency section */

/* Begin XCBuildConfiguration section */
		067217FB286004C2001534E6 /* Debug */ = {
			isa = XCBuildConfiguration;
			buildSettings = {
				ALWAYS_SEARCH_USER_PATHS = NO;
				CLANG_ANALYZER_NONNULL = YES;
				CLANG_ANALYZER_NUMBER_OBJECT_CONVERSION = YES_AGGRESSIVE;
				CLANG_CXX_LANGUAGE_STANDARD = "gnu++17";
				CLANG_ENABLE_MODULES = YES;
				CLANG_ENABLE_OBJC_ARC = YES;
				CLANG_ENABLE_OBJC_WEAK = YES;
				CLANG_WARN_BLOCK_CAPTURE_AUTORELEASING = YES;
				CLANG_WARN_BOOL_CONVERSION = YES;
				CLANG_WARN_COMMA = YES;
				CLANG_WARN_CONSTANT_CONVERSION = YES;
				CLANG_WARN_DEPRECATED_OBJC_IMPLEMENTATIONS = YES;
				CLANG_WARN_DIRECT_OBJC_ISA_USAGE = YES_ERROR;
				CLANG_WARN_DOCUMENTATION_COMMENTS = YES;
				CLANG_WARN_EMPTY_BODY = YES;
				CLANG_WARN_ENUM_CONVERSION = YES;
				CLANG_WARN_INFINITE_RECURSION = YES;
				CLANG_WARN_INT_CONVERSION = YES;
				CLANG_WARN_NON_LITERAL_NULL_CONVERSION = YES;
				CLANG_WARN_OBJC_IMPLICIT_RETAIN_SELF = YES;
				CLANG_WARN_OBJC_LITERAL_CONVERSION = YES;
				CLANG_WARN_OBJC_ROOT_CLASS = YES_ERROR;
				CLANG_WARN_QUOTED_INCLUDE_IN_FRAMEWORK_HEADER = YES;
				CLANG_WARN_RANGE_LOOP_ANALYSIS = YES;
				CLANG_WARN_STRICT_PROTOTYPES = YES;
				CLANG_WARN_SUSPICIOUS_MOVE = YES;
				CLANG_WARN_UNGUARDED_AVAILABILITY = YES_AGGRESSIVE;
				CLANG_WARN_UNREACHABLE_CODE = YES;
				CLANG_WARN__DUPLICATE_METHOD_MATCH = YES;
				COPY_PHASE_STRIP = NO;
				DEBUG_INFORMATION_FORMAT = dwarf;
				ENABLE_STRICT_OBJC_MSGSEND = YES;
				ENABLE_TESTABILITY = YES;
				GCC_C_LANGUAGE_STANDARD = gnu11;
				GCC_DYNAMIC_NO_PIC = NO;
				GCC_NO_COMMON_BLOCKS = YES;
				GCC_OPTIMIZATION_LEVEL = 0;
				GCC_PREPROCESSOR_DEFINITIONS = (
					"DEBUG=1",
					"$(inherited)",
				);
				GCC_WARN_64_TO_32_BIT_CONVERSION = YES;
				GCC_WARN_ABOUT_RETURN_TYPE = YES_ERROR;
				GCC_WARN_UNDECLARED_SELECTOR = YES;
				GCC_WARN_UNINITIALIZED_AUTOS = YES_AGGRESSIVE;
				GCC_WARN_UNUSED_FUNCTION = YES;
				GCC_WARN_UNUSED_VARIABLE = YES;
				IPHONEOS_DEPLOYMENT_TARGET = 15.5;
				MTL_ENABLE_DEBUG_INFO = INCLUDE_SOURCE;
				MTL_FAST_MATH = YES;
				ONLY_ACTIVE_ARCH = YES;
				SDKROOT = iphoneos;
				SWIFT_ACTIVE_COMPILATION_CONDITIONS = DEBUG;
				SWIFT_OPTIMIZATION_LEVEL = "-Onone";
			};
			name = Debug;
		};
		067217FC286004C2001534E6 /* Release */ = {
			isa = XCBuildConfiguration;
			buildSettings = {
				ALWAYS_SEARCH_USER_PATHS = NO;
				CLANG_ANALYZER_NONNULL = YES;
				CLANG_ANALYZER_NUMBER_OBJECT_CONVERSION = YES_AGGRESSIVE;
				CLANG_CXX_LANGUAGE_STANDARD = "gnu++17";
				CLANG_ENABLE_MODULES = YES;
				CLANG_ENABLE_OBJC_ARC = YES;
				CLANG_ENABLE_OBJC_WEAK = YES;
				CLANG_WARN_BLOCK_CAPTURE_AUTORELEASING = YES;
				CLANG_WARN_BOOL_CONVERSION = YES;
				CLANG_WARN_COMMA = YES;
				CLANG_WARN_CONSTANT_CONVERSION = YES;
				CLANG_WARN_DEPRECATED_OBJC_IMPLEMENTATIONS = YES;
				CLANG_WARN_DIRECT_OBJC_ISA_USAGE = YES_ERROR;
				CLANG_WARN_DOCUMENTATION_COMMENTS = YES;
				CLANG_WARN_EMPTY_BODY = YES;
				CLANG_WARN_ENUM_CONVERSION = YES;
				CLANG_WARN_INFINITE_RECURSION = YES;
				CLANG_WARN_INT_CONVERSION = YES;
				CLANG_WARN_NON_LITERAL_NULL_CONVERSION = YES;
				CLANG_WARN_OBJC_IMPLICIT_RETAIN_SELF = YES;
				CLANG_WARN_OBJC_LITERAL_CONVERSION = YES;
				CLANG_WARN_OBJC_ROOT_CLASS = YES_ERROR;
				CLANG_WARN_QUOTED_INCLUDE_IN_FRAMEWORK_HEADER = YES;
				CLANG_WARN_RANGE_LOOP_ANALYSIS = YES;
				CLANG_WARN_STRICT_PROTOTYPES = YES;
				CLANG_WARN_SUSPICIOUS_MOVE = YES;
				CLANG_WARN_UNGUARDED_AVAILABILITY = YES_AGGRESSIVE;
				CLANG_WARN_UNREACHABLE_CODE = YES;
				CLANG_WARN__DUPLICATE_METHOD_MATCH = YES;
				COPY_PHASE_STRIP = NO;
				DEBUG_INFORMATION_FORMAT = "dwarf-with-dsym";
				ENABLE_NS_ASSERTIONS = NO;
				ENABLE_STRICT_OBJC_MSGSEND = YES;
				GCC_C_LANGUAGE_STANDARD = gnu11;
				GCC_NO_COMMON_BLOCKS = YES;
				GCC_WARN_64_TO_32_BIT_CONVERSION = YES;
				GCC_WARN_ABOUT_RETURN_TYPE = YES_ERROR;
				GCC_WARN_UNDECLARED_SELECTOR = YES;
				GCC_WARN_UNINITIALIZED_AUTOS = YES_AGGRESSIVE;
				GCC_WARN_UNUSED_FUNCTION = YES;
				GCC_WARN_UNUSED_VARIABLE = YES;
				IPHONEOS_DEPLOYMENT_TARGET = 15.5;
				MTL_ENABLE_DEBUG_INFO = NO;
				MTL_FAST_MATH = YES;
				SDKROOT = iphoneos;
				SWIFT_COMPILATION_MODE = wholemodule;
				SWIFT_OPTIMIZATION_LEVEL = "-O";
				VALIDATE_PRODUCT = YES;
			};
			name = Release;
		};
		067217FE286004C2001534E6 /* Debug */ = {
			isa = XCBuildConfiguration;
			buildSettings = {
				ASSETCATALOG_COMPILER_APPICON_NAME = AppIcon;
				ASSETCATALOG_COMPILER_GLOBAL_ACCENT_COLOR_NAME = AccentColor;
				CODE_SIGN_STYLE = Automatic;
				CURRENT_PROJECT_VERSION = 1;
				DEVELOPMENT_ASSET_PATHS = "\"Wallet/Preview Content\"";
				DEVELOPMENT_TEAM = T4LCWHVG69;
				ENABLE_PREVIEWS = YES;
				GENERATE_INFOPLIST_FILE = YES;
				INFOPLIST_KEY_UIApplicationSceneManifest_Generation = YES;
				INFOPLIST_KEY_UIApplicationSupportsIndirectInputEvents = YES;
				INFOPLIST_KEY_UILaunchScreen_Generation = YES;
				INFOPLIST_KEY_UISupportedInterfaceOrientations = UIInterfaceOrientationPortrait;
				INFOPLIST_KEY_UISupportedInterfaceOrientations_iPad = "UIInterfaceOrientationPortrait UIInterfaceOrientationPortraitUpsideDown UIInterfaceOrientationLandscapeLeft UIInterfaceOrientationLandscapeRight";
				INFOPLIST_KEY_UISupportedInterfaceOrientations_iPhone = UIInterfaceOrientationPortrait;
				LD_RUNPATH_SEARCH_PATHS = (
					"$(inherited)",
					"@executable_path/Frameworks",
				);
				MARKETING_VERSION = 1.0;
				PRODUCT_BUNDLE_IDENTIFIER = com.fuadadetoro.Wallet;
				PRODUCT_NAME = "$(TARGET_NAME)";
				SWIFT_EMIT_LOC_STRINGS = YES;
				SWIFT_VERSION = 5.0;
				TARGETED_DEVICE_FAMILY = "1,2";
			};
			name = Debug;
		};
		067217FF286004C2001534E6 /* Release */ = {
			isa = XCBuildConfiguration;
			buildSettings = {
				ASSETCATALOG_COMPILER_APPICON_NAME = AppIcon;
				ASSETCATALOG_COMPILER_GLOBAL_ACCENT_COLOR_NAME = AccentColor;
				CODE_SIGN_STYLE = Automatic;
				CURRENT_PROJECT_VERSION = 1;
				DEVELOPMENT_ASSET_PATHS = "\"Wallet/Preview Content\"";
				DEVELOPMENT_TEAM = T4LCWHVG69;
				ENABLE_PREVIEWS = YES;
				GENERATE_INFOPLIST_FILE = YES;
				INFOPLIST_KEY_UIApplicationSceneManifest_Generation = YES;
				INFOPLIST_KEY_UIApplicationSupportsIndirectInputEvents = YES;
				INFOPLIST_KEY_UILaunchScreen_Generation = YES;
				INFOPLIST_KEY_UISupportedInterfaceOrientations = UIInterfaceOrientationPortrait;
				INFOPLIST_KEY_UISupportedInterfaceOrientations_iPad = "UIInterfaceOrientationPortrait UIInterfaceOrientationPortraitUpsideDown UIInterfaceOrientationLandscapeLeft UIInterfaceOrientationLandscapeRight";
				INFOPLIST_KEY_UISupportedInterfaceOrientations_iPhone = UIInterfaceOrientationPortrait;
				LD_RUNPATH_SEARCH_PATHS = (
					"$(inherited)",
					"@executable_path/Frameworks",
				);
				MARKETING_VERSION = 1.0;
				PRODUCT_BUNDLE_IDENTIFIER = com.fuadadetoro.Wallet;
				PRODUCT_NAME = "$(TARGET_NAME)";
				SWIFT_EMIT_LOC_STRINGS = YES;
				SWIFT_VERSION = 5.0;
				TARGETED_DEVICE_FAMILY = "1,2";
			};
			name = Release;
		};
		06721801286004C2001534E6 /* Debug */ = {
			isa = XCBuildConfiguration;
			buildSettings = {
				ALWAYS_EMBED_SWIFT_STANDARD_LIBRARIES = YES;
				BUNDLE_LOADER = "$(TEST_HOST)";
				CODE_SIGN_STYLE = Automatic;
				CURRENT_PROJECT_VERSION = 1;
				DEVELOPMENT_TEAM = T4LCWHVG69;
				GENERATE_INFOPLIST_FILE = YES;
				IPHONEOS_DEPLOYMENT_TARGET = 15.5;
				MARKETING_VERSION = 1.0;
				PRODUCT_BUNDLE_IDENTIFIER = com.fuadadetoro.WalletTests;
				PRODUCT_NAME = "$(TARGET_NAME)";
				SWIFT_EMIT_LOC_STRINGS = NO;
				SWIFT_VERSION = 5.0;
				TARGETED_DEVICE_FAMILY = "1,2";
				TEST_HOST = "$(BUILT_PRODUCTS_DIR)/Wallet.app/Wallet";
			};
			name = Debug;
		};
		06721802286004C2001534E6 /* Release */ = {
			isa = XCBuildConfiguration;
			buildSettings = {
				ALWAYS_EMBED_SWIFT_STANDARD_LIBRARIES = YES;
				BUNDLE_LOADER = "$(TEST_HOST)";
				CODE_SIGN_STYLE = Automatic;
				CURRENT_PROJECT_VERSION = 1;
				DEVELOPMENT_TEAM = T4LCWHVG69;
				GENERATE_INFOPLIST_FILE = YES;
				IPHONEOS_DEPLOYMENT_TARGET = 15.5;
				MARKETING_VERSION = 1.0;
				PRODUCT_BUNDLE_IDENTIFIER = com.fuadadetoro.WalletTests;
				PRODUCT_NAME = "$(TARGET_NAME)";
				SWIFT_EMIT_LOC_STRINGS = NO;
				SWIFT_VERSION = 5.0;
				TARGETED_DEVICE_FAMILY = "1,2";
				TEST_HOST = "$(BUILT_PRODUCTS_DIR)/Wallet.app/Wallet";
			};
			name = Release;
		};
/* End XCBuildConfiguration section */

/* Begin XCConfigurationList section */
		067217D4286004BF001534E6 /* Build configuration list for PBXProject "Wallet" */ = {
			isa = XCConfigurationList;
			buildConfigurations = (
				067217FB286004C2001534E6 /* Debug */,
				067217FC286004C2001534E6 /* Release */,
			);
			defaultConfigurationIsVisible = 0;
			defaultConfigurationName = Release;
		};
		067217FD286004C2001534E6 /* Build configuration list for PBXNativeTarget "Wallet" */ = {
			isa = XCConfigurationList;
			buildConfigurations = (
				067217FE286004C2001534E6 /* Debug */,
				067217FF286004C2001534E6 /* Release */,
			);
			defaultConfigurationIsVisible = 0;
			defaultConfigurationName = Release;
		};
		06721800286004C2001534E6 /* Build configuration list for PBXNativeTarget "WalletTests" */ = {
			isa = XCConfigurationList;
			buildConfigurations = (
				06721801286004C2001534E6 /* Debug */,
				06721802286004C2001534E6 /* Release */,
			);
			defaultConfigurationIsVisible = 0;
			defaultConfigurationName = Release;
		};
/* End XCConfigurationList section */
	};
	rootObject = 067217D1286004BF001534E6 /* Project object */;
}
